<?xml version="1.0" encoding="utf-8"?>
<Project ToolsVersion="4.0" xmlns="http://schemas.microsoft.com/developer/msbuild/2003">
  <ItemGroup>
    <ClInclude Include="Core\Context.h" />
    <ClInclude Include="Swapchain\Swapchain.h" />
    <ClInclude Include="Swapchain\SwapchainImageViews.h" />
    <ClInclude Include="Pipeline\Framebuffer.h" />
    <ClInclude Include="Pipeline\RenderPass.h" />
    <ClInclude Include="Pipeline\ShaderModule.h" />
    <ClInclude Include="Render\Render.h" />
    <ClInclude Include="Resource\Image2D.h" />
  </ItemGroup>
  <ItemGroup>
    <ClCompile Include="Core\Context.cpp" />
    <ClCompile Include="Swapchain\Swapchain.cpp" />
    <ClCompile Include="Swapchain\SwapchainImageViews.cpp" />
    <ClCompile Include="Pipeline\Framebuffer.cpp" />
    <ClCompile Include="Pipeline\RenderPass.cpp" />
    <ClCompile Include="Pipeline\ShaderModule.cpp" />
    <ClCompile Include="Render\Render.cpp" />
    <ClCompile Include="Resource\Image2D.cpp" />
  </ItemGroup>
</Project>