<?xml version="1.0" encoding="utf-8"?>
<Project ToolsVersion="4.0" xmlns="http://schemas.microsoft.com/developer/msbuild/2003">
  <ItemGroup>
    <ClInclude Include="Swapchain\Swapchain.h" />
    <ClInclude Include="Render\Render.h" />
    <ClInclude Include="Resource\Image2D.h" />
    <ClInclude Include="Pipeline\ShaderModule.h" />
    <ClInclude Include="Core\Instance.h" />
    <ClInclude Include="Core\Device.h" />
    <ClInclude Include="Core\PhysicalDevice.h" />
    <ClInclude Include="Pipeline\RenderPass.h" />
    <ClInclude Include="Pipeline\RenderPipeline.h" />
    <ClInclude Include="Resource\CommandPool.h" />
  </ItemGroup>
  <ItemGroup>
    <ClCompile Include="Swapchain\Swapchain.cpp" />
    <ClCompile Include="Render\Render.cpp" />
    <ClCompile Include="Resource\Image2D.cpp" />
    <ClCompile Include="Pipeline\ShaderModule.cpp" />
    <ClCompile Include="Core\Instance.cpp" />
    <ClCompile Include="Core\Device.cpp" />
    <ClCompile Include="Core\PhysicalDevice.cpp" />
    <ClCompile Include="Pipeline\RenderPass.cpp" />
    <ClCompile Include="Pipeline\RenderPipeline.cpp" />
    <ClCompile Include="Resource\CommandPool.cpp" />
  </ItemGroup>
</Project>