<?xml version="1.0" encoding="utf-8"?>
<Project ToolsVersion="4.0" xmlns="http://schemas.microsoft.com/developer/msbuild/2003">
  <ItemGroup>
    <ClInclude Include="src\matVkEngineContext.h" />
    <ClInclude Include="src\matVkEngineImage.h" />
    <ClInclude Include="src\matVkEngineTexture.h" />
    <ClInclude Include="func\stb_image.h" />
    <ClInclude Include="func\stb_image_write.h" />
    <ClInclude Include="src\matVkEngineCommon.h" />
    <ClInclude Include="src\matVkEngineMesh.h" />
    <ClInclude Include="src\matVkEngineBuffer.h" />
  </ItemGroup>
  <ItemGroup>
    <ClCompile Include="src\matVkEngineContext.cpp" />
    <ClCompile Include="src\matVkEngineImage.cpp" />
    <ClCompile Include="src\matVkEngineTexture.cpp" />
    <ClCompile Include="src\matVkEngineCommon.cpp" />
    <ClCompile Include="src\matVkEngineMesh.cpp" />
    <ClCompile Include="src\matVkEngineBuffer.cpp" />
    <ClCompile Include="test.cpp" />
  </ItemGroup>
</Project>