<?xml version="1.0" encoding="utf-8"?>
<Project ToolsVersion="4.0" xmlns="http://schemas.microsoft.com/developer/msbuild/2003">
  <ItemGroup>
    <ClInclude Include="config\matVkEngineConfig.h" />
    <ClInclude Include="core\matVkEngineContext.h" />
    <ClInclude Include="device\matVkEnginePhysicalDevice.h" />
    <ClInclude Include="device\matVkEngineLogicalDevice.h" />
    <ClInclude Include="device\matVkEngineCmdPool.h" />
    <ClInclude Include="resource\matVkEngineImage.h" />
    <ClInclude Include="resource\matVkEngineTexture.h" />
    <ClInclude Include="resource\func\stb_image.h" />
    <ClInclude Include="resource\func\stb_image_write.h" />
    <ClInclude Include="common\matVkEngineCommon.h" />
    <ClInclude Include="common\matVkEngineMesh.h" />
    <ClInclude Include="resource\matVkEngineBuffer.h" />
    <ClInclude Include="shader\matVkEngineShaderModule.h" />
    <ClInclude Include="shader\matVkEngineDescriptorSetLayout.h" />
    <ClInclude Include="shader\matVkEngineDescriptorPool.h" />
    <ClInclude Include="shader\matVkEngineDescriptorSet.h" />
    <ClInclude Include="pipeline\matVkEngineRenderPass.h" />
    <ClInclude Include="pipeline\matVkEngineRenderPipeline.h" />
    <ClInclude Include="pipeline\matVkEngineFramebuffer.h" />
  </ItemGroup>
  <ItemGroup>
    <ClCompile Include="core\matVkEngineContext.cpp" />
    <ClCompile Include="device\matVkEnginePhysicalDevice.cpp" />
    <ClCompile Include="device\matVkEngineLogicalDevice.cpp" />
    <ClCompile Include="device\matVkEngineCmdPool.cpp" />
    <ClCompile Include="resource\matVkEngineImage.cpp" />
    <ClCompile Include="resource\matVkEngineTexture.cpp" />
    <ClCompile Include="common\matVkEngineCommon.cpp" />
    <ClCompile Include="common\matVkEngineMesh.cpp" />
    <ClCompile Include="resource\matVkEngineBuffer.cpp" />
    <ClCompile Include="shader\matVkEngineShaderModule.cpp" />
    <ClCompile Include="shader\matVkEngineDescriptorSetLayout.cpp" />
    <ClCompile Include="shader\matVkEngineDescriptorPool.cpp" />
    <ClCompile Include="shader\matVkEngineDescriptorSet.cpp" />
    <ClCompile Include="pipeline\matVkEngineRenderPass.cpp" />
    <ClCompile Include="pipeline\matVkEngineRenderPipeline.cpp" />
    <ClCompile Include="pipeline\matVkEngineFramebuffer.cpp" />
  </ItemGroup>
</Project>